
Microsoft Visual Studio Solution File, Format Version 12.00
# Visual Studio 2012
Project("{FAE04EC0-301F-11D3-BF4B-00C04F79EFBC}") = "01.StudentCTS", "01.StudentCTS\01.StudentCTS.csproj", "{655430CF-C242-4736-9800-D0AA67696C97}"
EndProject
Project("{FAE04EC0-301F-11D3-BF4B-00C04F79EFBC}") = "04.PersonCST", "04.PersonCST\04.PersonCST.csproj", "{835A55E0-28B9-4246-8652-51A5CB3A530A}"
EndProject
Global
	GlobalSection(SolutionConfigurationPlatforms) = preSolution
		Debug|Any CPU = Debug|Any CPU
		Release|Any CPU = Release|Any CPU
	EndGlobalSection
	GlobalSection(ProjectConfigurationPlatforms) = postSolution
		{655430CF-C242-4736-9800-D0AA67696C97}.Debug|Any CPU.ActiveCfg = Debug|Any CPU
		{655430CF-C242-4736-9800-D0AA67696C97}.Debug|Any CPU.Build.0 = Debug|Any CPU
		{655430CF-C242-4736-9800-D0AA67696C97}.Release|Any CPU.ActiveCfg = Release|Any CPU
		{655430CF-C242-4736-9800-D0AA67696C97}.Release|Any CPU.Build.0 = Release|Any CPU
		{835A55E0-28B9-4246-8652-51A5CB3A530A}.Debug|Any CPU.ActiveCfg = Debug|Any CPU
		{835A55E0-28B9-4246-8652-51A5CB3A530A}.Debug|Any CPU.Build.0 = Debug|Any CPU
		{835A55E0-28B9-4246-8652-51A5CB3A530A}.Release|Any CPU.ActiveCfg = Release|Any CPU
		{835A55E0-28B9-4246-8652-51A5CB3A530A}.Release|Any CPU.Build.0 = Release|Any CPU
	EndGlobalSection
	GlobalSection(SolutionProperties) = preSolution
		HideSolutionNode = FALSE
	EndGlobalSection
EndGlobal
