
Microsoft Visual Studio Solution File, Format Version 12.00
# Visual Studio 2013
VisualStudioVersion = 12.0.20827.3
MinimumVisualStudioVersion = 10.0.40219.1
Project("{FAE04EC0-301F-11D3-BF4B-00C04F79EFBC}") = "ExcellColumns", "ExcellColumns\ExcellColumns.csproj", "{D085CF22-07DE-4AEC-A6D6-62BD9350B9A4}"
EndProject
Project("{FAE04EC0-301F-11D3-BF4B-00C04F79EFBC}") = "ANacci", "ANacci\ANacci.csproj", "{C071613E-BA96-4787-9175-7CEFB4B7E876}"
EndProject
Project("{FAE04EC0-301F-11D3-BF4B-00C04F79EFBC}") = "SevenlandNumbers", "SevenlandNumbers\SevenlandNumbers.csproj", "{427154D0-15AC-4233-AB65-5B2EB807A960}"
EndProject
Project("{FAE04EC0-301F-11D3-BF4B-00C04F79EFBC}") = "TelerikLogo", "TelerikLogo\TelerikLogo.csproj", "{CD516ACE-84F0-422B-8804-52EEEA8AD4D1}"
EndProject
Global
	GlobalSection(SolutionConfigurationPlatforms) = preSolution
		Debug|Any CPU = Debug|Any CPU
		Release|Any CPU = Release|Any CPU
	EndGlobalSection
	GlobalSection(ProjectConfigurationPlatforms) = postSolution
		{D085CF22-07DE-4AEC-A6D6-62BD9350B9A4}.Debug|Any CPU.ActiveCfg = Debug|Any CPU
		{D085CF22-07DE-4AEC-A6D6-62BD9350B9A4}.Debug|Any CPU.Build.0 = Debug|Any CPU
		{D085CF22-07DE-4AEC-A6D6-62BD9350B9A4}.Release|Any CPU.ActiveCfg = Release|Any CPU
		{D085CF22-07DE-4AEC-A6D6-62BD9350B9A4}.Release|Any CPU.Build.0 = Release|Any CPU
		{C071613E-BA96-4787-9175-7CEFB4B7E876}.Debug|Any CPU.ActiveCfg = Debug|Any CPU
		{C071613E-BA96-4787-9175-7CEFB4B7E876}.Debug|Any CPU.Build.0 = Debug|Any CPU
		{C071613E-BA96-4787-9175-7CEFB4B7E876}.Release|Any CPU.ActiveCfg = Release|Any CPU
		{C071613E-BA96-4787-9175-7CEFB4B7E876}.Release|Any CPU.Build.0 = Release|Any CPU
		{427154D0-15AC-4233-AB65-5B2EB807A960}.Debug|Any CPU.ActiveCfg = Debug|Any CPU
		{427154D0-15AC-4233-AB65-5B2EB807A960}.Debug|Any CPU.Build.0 = Debug|Any CPU
		{427154D0-15AC-4233-AB65-5B2EB807A960}.Release|Any CPU.ActiveCfg = Release|Any CPU
		{427154D0-15AC-4233-AB65-5B2EB807A960}.Release|Any CPU.Build.0 = Release|Any CPU
		{CD516ACE-84F0-422B-8804-52EEEA8AD4D1}.Debug|Any CPU.ActiveCfg = Debug|Any CPU
		{CD516ACE-84F0-422B-8804-52EEEA8AD4D1}.Debug|Any CPU.Build.0 = Debug|Any CPU
		{CD516ACE-84F0-422B-8804-52EEEA8AD4D1}.Release|Any CPU.ActiveCfg = Release|Any CPU
		{CD516ACE-84F0-422B-8804-52EEEA8AD4D1}.Release|Any CPU.Build.0 = Release|Any CPU
	EndGlobalSection
	GlobalSection(SolutionProperties) = preSolution
		HideSolutionNode = FALSE
	EndGlobalSection
EndGlobal
