
Microsoft Visual Studio Solution File, Format Version 12.00
# Visual Studio 2013
VisualStudioVersion = 12.0.30501.0
MinimumVisualStudioVersion = 10.0.40219.1
Project("{FAE04EC0-301F-11D3-BF4B-00C04F79EFBC}") = "02.ComparePerformance", "02.ComparePerformance\02.ComparePerformance.csproj", "{2414947A-90A4-4589-9468-2A98367F4427}"
EndProject
Project("{FAE04EC0-301F-11D3-BF4B-00C04F79EFBC}") = "03.FunctionsPerformance", "03.FunctionsPerformance\03.FunctionsPerformance.csproj", "{4455C0BA-F0A6-459D-888A-61F7CB167959}"
EndProject
Global
	GlobalSection(SolutionConfigurationPlatforms) = preSolution
		Debug|Any CPU = Debug|Any CPU
		Release|Any CPU = Release|Any CPU
	EndGlobalSection
	GlobalSection(ProjectConfigurationPlatforms) = postSolution
		{2414947A-90A4-4589-9468-2A98367F4427}.Debug|Any CPU.ActiveCfg = Debug|Any CPU
		{2414947A-90A4-4589-9468-2A98367F4427}.Debug|Any CPU.Build.0 = Debug|Any CPU
		{2414947A-90A4-4589-9468-2A98367F4427}.Release|Any CPU.ActiveCfg = Release|Any CPU
		{2414947A-90A4-4589-9468-2A98367F4427}.Release|Any CPU.Build.0 = Release|Any CPU
		{4455C0BA-F0A6-459D-888A-61F7CB167959}.Debug|Any CPU.ActiveCfg = Debug|Any CPU
		{4455C0BA-F0A6-459D-888A-61F7CB167959}.Debug|Any CPU.Build.0 = Debug|Any CPU
		{4455C0BA-F0A6-459D-888A-61F7CB167959}.Release|Any CPU.ActiveCfg = Release|Any CPU
		{4455C0BA-F0A6-459D-888A-61F7CB167959}.Release|Any CPU.Build.0 = Release|Any CPU
	EndGlobalSection
	GlobalSection(SolutionProperties) = preSolution
		HideSolutionNode = FALSE
	EndGlobalSection
EndGlobal
