
Microsoft Visual Studio Solution File, Format Version 12.00
# Visual Studio 2013
VisualStudioVersion = 12.0.21005.1
MinimumVisualStudioVersion = 10.0.40219.1
Project("{FAE04EC0-301F-11D3-BF4B-00C04F79EFBC}") = "01.StrBuilderSubstring", "01.StrBuilderSubstring\01.StrBuilderSubstring.csproj", "{920101F5-BCFA-4F9D-9BE8-ADEE641636FB}"
EndProject
Project("{FAE04EC0-301F-11D3-BF4B-00C04F79EFBC}") = "02.EnumerableExtensions", "02.EnumerableExtensions\02.EnumerableExtensions.csproj", "{926D1302-8F36-420F-A14B-CC743D5DBFD0}"
EndProject
Project("{FAE04EC0-301F-11D3-BF4B-00C04F79EFBC}") = "03.OrderStudents3Tasks", "03.OrderStudents\03.OrderStudents3Tasks.csproj", "{A5940A77-27F4-4AAB-BA9F-107DE4342160}"
EndProject
Project("{FAE04EC0-301F-11D3-BF4B-00C04F79EFBC}") = "04.SelectIntegers", "04.SelectIntegers\04.SelectIntegers.csproj", "{1F97E480-70DB-4496-B662-B9A6166CA955}"
EndProject
Project("{FAE04EC0-301F-11D3-BF4B-00C04F79EFBC}") = "05.Timer", "05.Timer\05.Timer.csproj", "{F75CAA76-691F-45D6-8CBD-F084FE5D3E25}"
EndProject
Global
	GlobalSection(SolutionConfigurationPlatforms) = preSolution
		Debug|Any CPU = Debug|Any CPU
		Release|Any CPU = Release|Any CPU
	EndGlobalSection
	GlobalSection(ProjectConfigurationPlatforms) = postSolution
		{920101F5-BCFA-4F9D-9BE8-ADEE641636FB}.Debug|Any CPU.ActiveCfg = Debug|Any CPU
		{920101F5-BCFA-4F9D-9BE8-ADEE641636FB}.Debug|Any CPU.Build.0 = Debug|Any CPU
		{920101F5-BCFA-4F9D-9BE8-ADEE641636FB}.Release|Any CPU.ActiveCfg = Release|Any CPU
		{920101F5-BCFA-4F9D-9BE8-ADEE641636FB}.Release|Any CPU.Build.0 = Release|Any CPU
		{926D1302-8F36-420F-A14B-CC743D5DBFD0}.Debug|Any CPU.ActiveCfg = Debug|Any CPU
		{926D1302-8F36-420F-A14B-CC743D5DBFD0}.Debug|Any CPU.Build.0 = Debug|Any CPU
		{926D1302-8F36-420F-A14B-CC743D5DBFD0}.Release|Any CPU.ActiveCfg = Release|Any CPU
		{926D1302-8F36-420F-A14B-CC743D5DBFD0}.Release|Any CPU.Build.0 = Release|Any CPU
		{A5940A77-27F4-4AAB-BA9F-107DE4342160}.Debug|Any CPU.ActiveCfg = Debug|Any CPU
		{A5940A77-27F4-4AAB-BA9F-107DE4342160}.Debug|Any CPU.Build.0 = Debug|Any CPU
		{A5940A77-27F4-4AAB-BA9F-107DE4342160}.Release|Any CPU.ActiveCfg = Release|Any CPU
		{A5940A77-27F4-4AAB-BA9F-107DE4342160}.Release|Any CPU.Build.0 = Release|Any CPU
		{1F97E480-70DB-4496-B662-B9A6166CA955}.Debug|Any CPU.ActiveCfg = Debug|Any CPU
		{1F97E480-70DB-4496-B662-B9A6166CA955}.Debug|Any CPU.Build.0 = Debug|Any CPU
		{1F97E480-70DB-4496-B662-B9A6166CA955}.Release|Any CPU.ActiveCfg = Release|Any CPU
		{1F97E480-70DB-4496-B662-B9A6166CA955}.Release|Any CPU.Build.0 = Release|Any CPU
		{F75CAA76-691F-45D6-8CBD-F084FE5D3E25}.Debug|Any CPU.ActiveCfg = Debug|Any CPU
		{F75CAA76-691F-45D6-8CBD-F084FE5D3E25}.Debug|Any CPU.Build.0 = Debug|Any CPU
		{F75CAA76-691F-45D6-8CBD-F084FE5D3E25}.Release|Any CPU.ActiveCfg = Release|Any CPU
		{F75CAA76-691F-45D6-8CBD-F084FE5D3E25}.Release|Any CPU.Build.0 = Release|Any CPU
	EndGlobalSection
	GlobalSection(SolutionProperties) = preSolution
		HideSolutionNode = FALSE
	EndGlobalSection
EndGlobal
