
Microsoft Visual Studio Solution File, Format Version 12.00
# Visual Studio 2012
Project("{FAE04EC0-301F-11D3-BF4B-00C04F79EFBC}") = "01. FighterAttack", "01. FighterAttack\01. FighterAttack.csproj", "{3A816AC2-025F-4D40-9331-A46BF42DC2BA}"
EndProject
Project("{FAE04EC0-301F-11D3-BF4B-00C04F79EFBC}") = "02. AstrologicalDigits", "02. AstrologicalDigits\02. AstrologicalDigits.csproj", "{416B9813-C971-40DA-9D56-12273D7887DB}"
EndProject
Project("{FAE04EC0-301F-11D3-BF4B-00C04F79EFBC}") = "03. Sandglass", "03. Sandglass\03. Sandglass.csproj", "{BB76A343-F667-4801-85FB-734D956BD5B2}"
EndProject
Project("{FAE04EC0-301F-11D3-BF4B-00C04F79EFBC}") = "04. DancingBits", "04. DancingBits\04. DancingBits.csproj", "{1B7DBBFE-1120-43D5-B66B-D61CBF06ED24}"
EndProject
Project("{FAE04EC0-301F-11D3-BF4B-00C04F79EFBC}") = "05. Lines", "05. Lines\05. Lines.csproj", "{0E51F0D2-A677-4867-B167-FF8D11F3D340}"
EndProject
Global
	GlobalSection(SolutionConfigurationPlatforms) = preSolution
		Debug|Any CPU = Debug|Any CPU
		Release|Any CPU = Release|Any CPU
	EndGlobalSection
	GlobalSection(ProjectConfigurationPlatforms) = postSolution
		{3A816AC2-025F-4D40-9331-A46BF42DC2BA}.Debug|Any CPU.ActiveCfg = Debug|Any CPU
		{3A816AC2-025F-4D40-9331-A46BF42DC2BA}.Debug|Any CPU.Build.0 = Debug|Any CPU
		{3A816AC2-025F-4D40-9331-A46BF42DC2BA}.Release|Any CPU.ActiveCfg = Release|Any CPU
		{3A816AC2-025F-4D40-9331-A46BF42DC2BA}.Release|Any CPU.Build.0 = Release|Any CPU
		{416B9813-C971-40DA-9D56-12273D7887DB}.Debug|Any CPU.ActiveCfg = Debug|Any CPU
		{416B9813-C971-40DA-9D56-12273D7887DB}.Debug|Any CPU.Build.0 = Debug|Any CPU
		{416B9813-C971-40DA-9D56-12273D7887DB}.Release|Any CPU.ActiveCfg = Release|Any CPU
		{416B9813-C971-40DA-9D56-12273D7887DB}.Release|Any CPU.Build.0 = Release|Any CPU
		{BB76A343-F667-4801-85FB-734D956BD5B2}.Debug|Any CPU.ActiveCfg = Debug|Any CPU
		{BB76A343-F667-4801-85FB-734D956BD5B2}.Debug|Any CPU.Build.0 = Debug|Any CPU
		{BB76A343-F667-4801-85FB-734D956BD5B2}.Release|Any CPU.ActiveCfg = Release|Any CPU
		{BB76A343-F667-4801-85FB-734D956BD5B2}.Release|Any CPU.Build.0 = Release|Any CPU
		{1B7DBBFE-1120-43D5-B66B-D61CBF06ED24}.Debug|Any CPU.ActiveCfg = Debug|Any CPU
		{1B7DBBFE-1120-43D5-B66B-D61CBF06ED24}.Debug|Any CPU.Build.0 = Debug|Any CPU
		{1B7DBBFE-1120-43D5-B66B-D61CBF06ED24}.Release|Any CPU.ActiveCfg = Release|Any CPU
		{1B7DBBFE-1120-43D5-B66B-D61CBF06ED24}.Release|Any CPU.Build.0 = Release|Any CPU
		{0E51F0D2-A677-4867-B167-FF8D11F3D340}.Debug|Any CPU.ActiveCfg = Debug|Any CPU
		{0E51F0D2-A677-4867-B167-FF8D11F3D340}.Debug|Any CPU.Build.0 = Debug|Any CPU
		{0E51F0D2-A677-4867-B167-FF8D11F3D340}.Release|Any CPU.ActiveCfg = Release|Any CPU
		{0E51F0D2-A677-4867-B167-FF8D11F3D340}.Release|Any CPU.Build.0 = Release|Any CPU
	EndGlobalSection
	GlobalSection(SolutionProperties) = preSolution
		HideSolutionNode = FALSE
	EndGlobalSection
EndGlobal
