
Microsoft Visual Studio Solution File, Format Version 12.00
# Visual Studio 2012
Project("{FAE04EC0-301F-11D3-BF4B-00C04F79EFBC}") = "02.Human", "02.Human\02.Human.csproj", "{BE24BC29-7F16-48D0-B0C8-2989A0900609}"
EndProject
Project("{FAE04EC0-301F-11D3-BF4B-00C04F79EFBC}") = "01. Data", "01. Data\01. Data.csproj", "{F506E011-A431-44DB-9EAB-673C4B53792B}"
EndProject
Project("{FAE04EC0-301F-11D3-BF4B-00C04F79EFBC}") = "03.alertAppCodeJS", "03.JSRename\03.alertAppCodeJS.csproj", "{AA1A657B-1D01-4C87-93AB-BEFE0819AB5E}"
EndProject
Project("{FAE04EC0-301F-11D3-BF4B-00C04F79EFBC}") = "MinesGame", "04.MinesGame\MinesGame.csproj", "{B20E8DFD-5F12-4358-849D-1F25806E9052}"
EndProject
Global
	GlobalSection(SolutionConfigurationPlatforms) = preSolution
		Debug|Any CPU = Debug|Any CPU
		Release|Any CPU = Release|Any CPU
	EndGlobalSection
	GlobalSection(ProjectConfigurationPlatforms) = postSolution
		{BE24BC29-7F16-48D0-B0C8-2989A0900609}.Debug|Any CPU.ActiveCfg = Debug|Any CPU
		{BE24BC29-7F16-48D0-B0C8-2989A0900609}.Debug|Any CPU.Build.0 = Debug|Any CPU
		{BE24BC29-7F16-48D0-B0C8-2989A0900609}.Release|Any CPU.ActiveCfg = Release|Any CPU
		{BE24BC29-7F16-48D0-B0C8-2989A0900609}.Release|Any CPU.Build.0 = Release|Any CPU
		{F506E011-A431-44DB-9EAB-673C4B53792B}.Debug|Any CPU.ActiveCfg = Debug|Any CPU
		{F506E011-A431-44DB-9EAB-673C4B53792B}.Debug|Any CPU.Build.0 = Debug|Any CPU
		{F506E011-A431-44DB-9EAB-673C4B53792B}.Release|Any CPU.ActiveCfg = Release|Any CPU
		{F506E011-A431-44DB-9EAB-673C4B53792B}.Release|Any CPU.Build.0 = Release|Any CPU
		{AA1A657B-1D01-4C87-93AB-BEFE0819AB5E}.Debug|Any CPU.ActiveCfg = Debug|Any CPU
		{AA1A657B-1D01-4C87-93AB-BEFE0819AB5E}.Debug|Any CPU.Build.0 = Debug|Any CPU
		{AA1A657B-1D01-4C87-93AB-BEFE0819AB5E}.Release|Any CPU.ActiveCfg = Release|Any CPU
		{AA1A657B-1D01-4C87-93AB-BEFE0819AB5E}.Release|Any CPU.Build.0 = Release|Any CPU
		{B20E8DFD-5F12-4358-849D-1F25806E9052}.Debug|Any CPU.ActiveCfg = Debug|Any CPU
		{B20E8DFD-5F12-4358-849D-1F25806E9052}.Debug|Any CPU.Build.0 = Debug|Any CPU
		{B20E8DFD-5F12-4358-849D-1F25806E9052}.Release|Any CPU.ActiveCfg = Release|Any CPU
		{B20E8DFD-5F12-4358-849D-1F25806E9052}.Release|Any CPU.Build.0 = Release|Any CPU
	EndGlobalSection
	GlobalSection(SolutionProperties) = preSolution
		HideSolutionNode = FALSE
	EndGlobalSection
EndGlobal
