
Microsoft Visual Studio Solution File, Format Version 12.00
# Visual Studio 2013
VisualStudioVersion = 12.0.21005.1
MinimumVisualStudioVersion = 10.0.40219.1
Project("{FAE04EC0-301F-11D3-BF4B-00C04F79EFBC}") = "MultiverseCommunication", "MultiverseCommunication\MultiverseCommunication.csproj", "{AFE8076D-4FCA-4DC7-8055-01F2B7A04F8E}"
EndProject
Project("{FAE04EC0-301F-11D3-BF4B-00C04F79EFBC}") = "Zerg", "Zerg\Zerg.csproj", "{9B94A38E-8E48-4B7E-9135-569018C56712}"
EndProject
Project("{FAE04EC0-301F-11D3-BF4B-00C04F79EFBC}") = "MagicWords", "MagicWords\MagicWords.csproj", "{818B3D3C-71A5-4A56-ABAF-CE268EBCFF16}"
EndProject
Project("{FAE04EC0-301F-11D3-BF4B-00C04F79EFBC}") = "MovingLetters", "MovingLetters\MovingLetters.csproj", "{A604B192-AE7E-4920-BE54-5A7759F8E420}"
EndProject
Project("{FAE04EC0-301F-11D3-BF4B-00C04F79EFBC}") = "EncodeAndEncrypt", "EncodeAndEncrypt\EncodeAndEncrypt.csproj", "{4B8CFD4B-532C-4008-8A94-38B9C649CBEB}"
EndProject
Project("{FAE04EC0-301F-11D3-BF4B-00C04F79EFBC}") = "DurankulakNumbers", "DuranKulakNumbers\DurankulakNumbers.csproj", "{943E62CB-5444-4A0E-9143-12FF23B74C5B}"
EndProject
Project("{FAE04EC0-301F-11D3-BF4B-00C04F79EFBC}") = "CSharpBrackets", "CSharpBrackets\CSharpBrackets.csproj", "{C4A8AB5E-7E40-4E8E-920D-5BEE0644F2EF}"
EndProject
Project("{FAE04EC0-301F-11D3-BF4B-00C04F79EFBC}") = "9gagNumbers", "KaspichanNumbers\9gagNumbers.csproj", "{63220AD9-B595-4E0D-B7DA-75294A95D30C}"
EndProject
Project("{FAE04EC0-301F-11D3-BF4B-00C04F79EFBC}") = "TheyAreGreen", "TheyAreGreen\TheyAreGreen.csproj", "{48D568C0-2539-41F1-B9D4-21145AA57C20}"
EndProject
Global
	GlobalSection(SolutionConfigurationPlatforms) = preSolution
		Debug|Any CPU = Debug|Any CPU
		Release|Any CPU = Release|Any CPU
	EndGlobalSection
	GlobalSection(ProjectConfigurationPlatforms) = postSolution
		{AFE8076D-4FCA-4DC7-8055-01F2B7A04F8E}.Debug|Any CPU.ActiveCfg = Debug|Any CPU
		{AFE8076D-4FCA-4DC7-8055-01F2B7A04F8E}.Debug|Any CPU.Build.0 = Debug|Any CPU
		{AFE8076D-4FCA-4DC7-8055-01F2B7A04F8E}.Release|Any CPU.ActiveCfg = Release|Any CPU
		{AFE8076D-4FCA-4DC7-8055-01F2B7A04F8E}.Release|Any CPU.Build.0 = Release|Any CPU
		{9B94A38E-8E48-4B7E-9135-569018C56712}.Debug|Any CPU.ActiveCfg = Debug|Any CPU
		{9B94A38E-8E48-4B7E-9135-569018C56712}.Debug|Any CPU.Build.0 = Debug|Any CPU
		{9B94A38E-8E48-4B7E-9135-569018C56712}.Release|Any CPU.ActiveCfg = Release|Any CPU
		{9B94A38E-8E48-4B7E-9135-569018C56712}.Release|Any CPU.Build.0 = Release|Any CPU
		{818B3D3C-71A5-4A56-ABAF-CE268EBCFF16}.Debug|Any CPU.ActiveCfg = Debug|Any CPU
		{818B3D3C-71A5-4A56-ABAF-CE268EBCFF16}.Debug|Any CPU.Build.0 = Debug|Any CPU
		{818B3D3C-71A5-4A56-ABAF-CE268EBCFF16}.Release|Any CPU.ActiveCfg = Release|Any CPU
		{818B3D3C-71A5-4A56-ABAF-CE268EBCFF16}.Release|Any CPU.Build.0 = Release|Any CPU
		{A604B192-AE7E-4920-BE54-5A7759F8E420}.Debug|Any CPU.ActiveCfg = Debug|Any CPU
		{A604B192-AE7E-4920-BE54-5A7759F8E420}.Debug|Any CPU.Build.0 = Debug|Any CPU
		{A604B192-AE7E-4920-BE54-5A7759F8E420}.Release|Any CPU.ActiveCfg = Release|Any CPU
		{A604B192-AE7E-4920-BE54-5A7759F8E420}.Release|Any CPU.Build.0 = Release|Any CPU
		{4B8CFD4B-532C-4008-8A94-38B9C649CBEB}.Debug|Any CPU.ActiveCfg = Debug|Any CPU
		{4B8CFD4B-532C-4008-8A94-38B9C649CBEB}.Debug|Any CPU.Build.0 = Debug|Any CPU
		{4B8CFD4B-532C-4008-8A94-38B9C649CBEB}.Release|Any CPU.ActiveCfg = Release|Any CPU
		{4B8CFD4B-532C-4008-8A94-38B9C649CBEB}.Release|Any CPU.Build.0 = Release|Any CPU
		{943E62CB-5444-4A0E-9143-12FF23B74C5B}.Debug|Any CPU.ActiveCfg = Debug|Any CPU
		{943E62CB-5444-4A0E-9143-12FF23B74C5B}.Debug|Any CPU.Build.0 = Debug|Any CPU
		{943E62CB-5444-4A0E-9143-12FF23B74C5B}.Release|Any CPU.ActiveCfg = Release|Any CPU
		{943E62CB-5444-4A0E-9143-12FF23B74C5B}.Release|Any CPU.Build.0 = Release|Any CPU
		{C4A8AB5E-7E40-4E8E-920D-5BEE0644F2EF}.Debug|Any CPU.ActiveCfg = Debug|Any CPU
		{C4A8AB5E-7E40-4E8E-920D-5BEE0644F2EF}.Debug|Any CPU.Build.0 = Debug|Any CPU
		{C4A8AB5E-7E40-4E8E-920D-5BEE0644F2EF}.Release|Any CPU.ActiveCfg = Release|Any CPU
		{C4A8AB5E-7E40-4E8E-920D-5BEE0644F2EF}.Release|Any CPU.Build.0 = Release|Any CPU
		{63220AD9-B595-4E0D-B7DA-75294A95D30C}.Debug|Any CPU.ActiveCfg = Debug|Any CPU
		{63220AD9-B595-4E0D-B7DA-75294A95D30C}.Debug|Any CPU.Build.0 = Debug|Any CPU
		{63220AD9-B595-4E0D-B7DA-75294A95D30C}.Release|Any CPU.ActiveCfg = Release|Any CPU
		{63220AD9-B595-4E0D-B7DA-75294A95D30C}.Release|Any CPU.Build.0 = Release|Any CPU
		{48D568C0-2539-41F1-B9D4-21145AA57C20}.Debug|Any CPU.ActiveCfg = Debug|Any CPU
		{48D568C0-2539-41F1-B9D4-21145AA57C20}.Debug|Any CPU.Build.0 = Debug|Any CPU
		{48D568C0-2539-41F1-B9D4-21145AA57C20}.Release|Any CPU.ActiveCfg = Release|Any CPU
		{48D568C0-2539-41F1-B9D4-21145AA57C20}.Release|Any CPU.Build.0 = Release|Any CPU
	EndGlobalSection
	GlobalSection(SolutionProperties) = preSolution
		HideSolutionNode = FALSE
	EndGlobalSection
EndGlobal
