
Microsoft Visual Studio Solution File, Format Version 12.00
# Visual Studio 2012
Project("{FAE04EC0-301F-11D3-BF4B-00C04F79EFBC}") = "GSMTest", "GSMTest\GSMTest.csproj", "{CA2E305B-A20A-400F-AD33-F45FA1E5889F}"
EndProject
Global
	GlobalSection(SolutionConfigurationPlatforms) = preSolution
		Debug|Any CPU = Debug|Any CPU
		Release|Any CPU = Release|Any CPU
	EndGlobalSection
	GlobalSection(ProjectConfigurationPlatforms) = postSolution
		{CA2E305B-A20A-400F-AD33-F45FA1E5889F}.Debug|Any CPU.ActiveCfg = Debug|Any CPU
		{CA2E305B-A20A-400F-AD33-F45FA1E5889F}.Debug|Any CPU.Build.0 = Debug|Any CPU
		{CA2E305B-A20A-400F-AD33-F45FA1E5889F}.Release|Any CPU.ActiveCfg = Release|Any CPU
		{CA2E305B-A20A-400F-AD33-F45FA1E5889F}.Release|Any CPU.Build.0 = Release|Any CPU
	EndGlobalSection
	GlobalSection(SolutionProperties) = preSolution
		HideSolutionNode = FALSE
	EndGlobalSection
EndGlobal
